
Microsoft Visual Studio Solution File, Format Version 12.00
# Visual Studio Version 16
VisualStudioVersion = 16.0.30114.105
MinimumVisualStudioVersion = 10.0.40219.1
Project("{FAE04EC0-301F-11D3-BF4B-00C04F79EFBC}") = "application", "Api.Application\application.csproj", "{C451D196-77CE-490C-8210-061C1DA086CD}"
EndProject
Project("{FAE04EC0-301F-11D3-BF4B-00C04F79EFBC}") = "Domain", "Api.Domain\Domain.csproj", "{EB5BEFDB-DAA9-413D-AA44-CAD6F20BB632}"
EndProject
Project("{FAE04EC0-301F-11D3-BF4B-00C04F79EFBC}") = "CrossCutting", "Api.CrossCutting\CrossCutting.csproj", "{D32081B1-0510-4E0E-86B5-EAC6BC3A37E1}"
EndProject
Project("{FAE04EC0-301F-11D3-BF4B-00C04F79EFBC}") = "Data", "Api.Data\Data.csproj", "{A3A605F5-B549-455C-9C4F-88D309E3BA1B}"
EndProject
Project("{FAE04EC0-301F-11D3-BF4B-00C04F79EFBC}") = "Service", "Api.Service\Service.csproj", "{346320F6-7DB6-4F8F-A5C6-8A3263EE5D71}"
EndProject
Project("{FAE04EC0-301F-11D3-BF4B-00C04F79EFBC}") = "Api.Data.Test", "Api.Data.Test\Api.Data.Test.csproj", "{F5362797-C41F-4FEF-A199-903A8B71E8B7}"
EndProject
Project("{FAE04EC0-301F-11D3-BF4B-00C04F79EFBC}") = "Api.Service.Test", "Api.Service.Test\Api.Service.Test.csproj", "{2CF08831-5A94-4E69-8304-1777C18619E0}"
EndProject
Project("{FAE04EC0-301F-11D3-BF4B-00C04F79EFBC}") = "Api.Application.Test", "Api.Application.Test\Api.Application.Test.csproj", "{0ECC891B-8B6D-4D4F-8849-88A0B9DAB564}"
EndProject
Project("{FAE04EC0-301F-11D3-BF4B-00C04F79EFBC}") = "Api.Integration.Test", "Api.Integration.Test\Api.Integration.Test.csproj", "{25688A67-8ADF-44E6-B4EC-2E127E4526EE}"
EndProject
Global
	GlobalSection(SolutionConfigurationPlatforms) = preSolution
		Debug|Any CPU = Debug|Any CPU
		Debug|x64 = Debug|x64
		Debug|x86 = Debug|x86
		Release|Any CPU = Release|Any CPU
		Release|x64 = Release|x64
		Release|x86 = Release|x86
	EndGlobalSection
	GlobalSection(SolutionProperties) = preSolution
		HideSolutionNode = FALSE
	EndGlobalSection
	GlobalSection(ProjectConfigurationPlatforms) = postSolution
		{C451D196-77CE-490C-8210-061C1DA086CD}.Debug|Any CPU.ActiveCfg = Debug|Any CPU
		{C451D196-77CE-490C-8210-061C1DA086CD}.Debug|Any CPU.Build.0 = Debug|Any CPU
		{C451D196-77CE-490C-8210-061C1DA086CD}.Debug|x64.ActiveCfg = Debug|Any CPU
		{C451D196-77CE-490C-8210-061C1DA086CD}.Debug|x64.Build.0 = Debug|Any CPU
		{C451D196-77CE-490C-8210-061C1DA086CD}.Debug|x86.ActiveCfg = Debug|Any CPU
		{C451D196-77CE-490C-8210-061C1DA086CD}.Debug|x86.Build.0 = Debug|Any CPU
		{C451D196-77CE-490C-8210-061C1DA086CD}.Release|Any CPU.ActiveCfg = Release|Any CPU
		{C451D196-77CE-490C-8210-061C1DA086CD}.Release|Any CPU.Build.0 = Release|Any CPU
		{C451D196-77CE-490C-8210-061C1DA086CD}.Release|x64.ActiveCfg = Release|Any CPU
		{C451D196-77CE-490C-8210-061C1DA086CD}.Release|x64.Build.0 = Release|Any CPU
		{C451D196-77CE-490C-8210-061C1DA086CD}.Release|x86.ActiveCfg = Release|Any CPU
		{C451D196-77CE-490C-8210-061C1DA086CD}.Release|x86.Build.0 = Release|Any CPU
		{EB5BEFDB-DAA9-413D-AA44-CAD6F20BB632}.Debug|Any CPU.ActiveCfg = Debug|Any CPU
		{EB5BEFDB-DAA9-413D-AA44-CAD6F20BB632}.Debug|Any CPU.Build.0 = Debug|Any CPU
		{EB5BEFDB-DAA9-413D-AA44-CAD6F20BB632}.Debug|x64.ActiveCfg = Debug|Any CPU
		{EB5BEFDB-DAA9-413D-AA44-CAD6F20BB632}.Debug|x64.Build.0 = Debug|Any CPU
		{EB5BEFDB-DAA9-413D-AA44-CAD6F20BB632}.Debug|x86.ActiveCfg = Debug|Any CPU
		{EB5BEFDB-DAA9-413D-AA44-CAD6F20BB632}.Debug|x86.Build.0 = Debug|Any CPU
		{EB5BEFDB-DAA9-413D-AA44-CAD6F20BB632}.Release|Any CPU.ActiveCfg = Release|Any CPU
		{EB5BEFDB-DAA9-413D-AA44-CAD6F20BB632}.Release|Any CPU.Build.0 = Release|Any CPU
		{EB5BEFDB-DAA9-413D-AA44-CAD6F20BB632}.Release|x64.ActiveCfg = Release|Any CPU
		{EB5BEFDB-DAA9-413D-AA44-CAD6F20BB632}.Release|x64.Build.0 = Release|Any CPU
		{EB5BEFDB-DAA9-413D-AA44-CAD6F20BB632}.Release|x86.ActiveCfg = Release|Any CPU
		{EB5BEFDB-DAA9-413D-AA44-CAD6F20BB632}.Release|x86.Build.0 = Release|Any CPU
		{D32081B1-0510-4E0E-86B5-EAC6BC3A37E1}.Debug|Any CPU.ActiveCfg = Debug|Any CPU
		{D32081B1-0510-4E0E-86B5-EAC6BC3A37E1}.Debug|Any CPU.Build.0 = Debug|Any CPU
		{D32081B1-0510-4E0E-86B5-EAC6BC3A37E1}.Debug|x64.ActiveCfg = Debug|Any CPU
		{D32081B1-0510-4E0E-86B5-EAC6BC3A37E1}.Debug|x64.Build.0 = Debug|Any CPU
		{D32081B1-0510-4E0E-86B5-EAC6BC3A37E1}.Debug|x86.ActiveCfg = Debug|Any CPU
		{D32081B1-0510-4E0E-86B5-EAC6BC3A37E1}.Debug|x86.Build.0 = Debug|Any CPU
		{D32081B1-0510-4E0E-86B5-EAC6BC3A37E1}.Release|Any CPU.ActiveCfg = Release|Any CPU
		{D32081B1-0510-4E0E-86B5-EAC6BC3A37E1}.Release|Any CPU.Build.0 = Release|Any CPU
		{D32081B1-0510-4E0E-86B5-EAC6BC3A37E1}.Release|x64.ActiveCfg = Release|Any CPU
		{D32081B1-0510-4E0E-86B5-EAC6BC3A37E1}.Release|x64.Build.0 = Release|Any CPU
		{D32081B1-0510-4E0E-86B5-EAC6BC3A37E1}.Release|x86.ActiveCfg = Release|Any CPU
		{D32081B1-0510-4E0E-86B5-EAC6BC3A37E1}.Release|x86.Build.0 = Release|Any CPU
		{A3A605F5-B549-455C-9C4F-88D309E3BA1B}.Debug|Any CPU.ActiveCfg = Debug|Any CPU
		{A3A605F5-B549-455C-9C4F-88D309E3BA1B}.Debug|Any CPU.Build.0 = Debug|Any CPU
		{A3A605F5-B549-455C-9C4F-88D309E3BA1B}.Debug|x64.ActiveCfg = Debug|Any CPU
		{A3A605F5-B549-455C-9C4F-88D309E3BA1B}.Debug|x64.Build.0 = Debug|Any CPU
		{A3A605F5-B549-455C-9C4F-88D309E3BA1B}.Debug|x86.ActiveCfg = Debug|Any CPU
		{A3A605F5-B549-455C-9C4F-88D309E3BA1B}.Debug|x86.Build.0 = Debug|Any CPU
		{A3A605F5-B549-455C-9C4F-88D309E3BA1B}.Release|Any CPU.ActiveCfg = Release|Any CPU
		{A3A605F5-B549-455C-9C4F-88D309E3BA1B}.Release|Any CPU.Build.0 = Release|Any CPU
		{A3A605F5-B549-455C-9C4F-88D309E3BA1B}.Release|x64.ActiveCfg = Release|Any CPU
		{A3A605F5-B549-455C-9C4F-88D309E3BA1B}.Release|x64.Build.0 = Release|Any CPU
		{A3A605F5-B549-455C-9C4F-88D309E3BA1B}.Release|x86.ActiveCfg = Release|Any CPU
		{A3A605F5-B549-455C-9C4F-88D309E3BA1B}.Release|x86.Build.0 = Release|Any CPU
		{346320F6-7DB6-4F8F-A5C6-8A3263EE5D71}.Debug|Any CPU.ActiveCfg = Debug|Any CPU
		{346320F6-7DB6-4F8F-A5C6-8A3263EE5D71}.Debug|Any CPU.Build.0 = Debug|Any CPU
		{346320F6-7DB6-4F8F-A5C6-8A3263EE5D71}.Debug|x64.ActiveCfg = Debug|Any CPU
		{346320F6-7DB6-4F8F-A5C6-8A3263EE5D71}.Debug|x64.Build.0 = Debug|Any CPU
		{346320F6-7DB6-4F8F-A5C6-8A3263EE5D71}.Debug|x86.ActiveCfg = Debug|Any CPU
		{346320F6-7DB6-4F8F-A5C6-8A3263EE5D71}.Debug|x86.Build.0 = Debug|Any CPU
		{346320F6-7DB6-4F8F-A5C6-8A3263EE5D71}.Release|Any CPU.ActiveCfg = Release|Any CPU
		{346320F6-7DB6-4F8F-A5C6-8A3263EE5D71}.Release|Any CPU.Build.0 = Release|Any CPU
		{346320F6-7DB6-4F8F-A5C6-8A3263EE5D71}.Release|x64.ActiveCfg = Release|Any CPU
		{346320F6-7DB6-4F8F-A5C6-8A3263EE5D71}.Release|x64.Build.0 = Release|Any CPU
		{346320F6-7DB6-4F8F-A5C6-8A3263EE5D71}.Release|x86.ActiveCfg = Release|Any CPU
		{346320F6-7DB6-4F8F-A5C6-8A3263EE5D71}.Release|x86.Build.0 = Release|Any CPU
		{F5362797-C41F-4FEF-A199-903A8B71E8B7}.Debug|Any CPU.ActiveCfg = Debug|Any CPU
		{F5362797-C41F-4FEF-A199-903A8B71E8B7}.Debug|Any CPU.Build.0 = Debug|Any CPU
		{F5362797-C41F-4FEF-A199-903A8B71E8B7}.Debug|x64.ActiveCfg = Debug|Any CPU
		{F5362797-C41F-4FEF-A199-903A8B71E8B7}.Debug|x64.Build.0 = Debug|Any CPU
		{F5362797-C41F-4FEF-A199-903A8B71E8B7}.Debug|x86.ActiveCfg = Debug|Any CPU
		{F5362797-C41F-4FEF-A199-903A8B71E8B7}.Debug|x86.Build.0 = Debug|Any CPU
		{F5362797-C41F-4FEF-A199-903A8B71E8B7}.Release|Any CPU.ActiveCfg = Release|Any CPU
		{F5362797-C41F-4FEF-A199-903A8B71E8B7}.Release|Any CPU.Build.0 = Release|Any CPU
		{F5362797-C41F-4FEF-A199-903A8B71E8B7}.Release|x64.ActiveCfg = Release|Any CPU
		{F5362797-C41F-4FEF-A199-903A8B71E8B7}.Release|x64.Build.0 = Release|Any CPU
		{F5362797-C41F-4FEF-A199-903A8B71E8B7}.Release|x86.ActiveCfg = Release|Any CPU
		{F5362797-C41F-4FEF-A199-903A8B71E8B7}.Release|x86.Build.0 = Release|Any CPU
		{2CF08831-5A94-4E69-8304-1777C18619E0}.Debug|Any CPU.ActiveCfg = Debug|Any CPU
		{2CF08831-5A94-4E69-8304-1777C18619E0}.Debug|Any CPU.Build.0 = Debug|Any CPU
		{2CF08831-5A94-4E69-8304-1777C18619E0}.Debug|x64.ActiveCfg = Debug|Any CPU
		{2CF08831-5A94-4E69-8304-1777C18619E0}.Debug|x64.Build.0 = Debug|Any CPU
		{2CF08831-5A94-4E69-8304-1777C18619E0}.Debug|x86.ActiveCfg = Debug|Any CPU
		{2CF08831-5A94-4E69-8304-1777C18619E0}.Debug|x86.Build.0 = Debug|Any CPU
		{2CF08831-5A94-4E69-8304-1777C18619E0}.Release|Any CPU.ActiveCfg = Release|Any CPU
		{2CF08831-5A94-4E69-8304-1777C18619E0}.Release|Any CPU.Build.0 = Release|Any CPU
		{2CF08831-5A94-4E69-8304-1777C18619E0}.Release|x64.ActiveCfg = Release|Any CPU
		{2CF08831-5A94-4E69-8304-1777C18619E0}.Release|x64.Build.0 = Release|Any CPU
		{2CF08831-5A94-4E69-8304-1777C18619E0}.Release|x86.ActiveCfg = Release|Any CPU
		{2CF08831-5A94-4E69-8304-1777C18619E0}.Release|x86.Build.0 = Release|Any CPU
		{0ECC891B-8B6D-4D4F-8849-88A0B9DAB564}.Debug|Any CPU.ActiveCfg = Debug|Any CPU
		{0ECC891B-8B6D-4D4F-8849-88A0B9DAB564}.Debug|Any CPU.Build.0 = Debug|Any CPU
		{0ECC891B-8B6D-4D4F-8849-88A0B9DAB564}.Debug|x64.ActiveCfg = Debug|Any CPU
		{0ECC891B-8B6D-4D4F-8849-88A0B9DAB564}.Debug|x64.Build.0 = Debug|Any CPU
		{0ECC891B-8B6D-4D4F-8849-88A0B9DAB564}.Debug|x86.ActiveCfg = Debug|Any CPU
		{0ECC891B-8B6D-4D4F-8849-88A0B9DAB564}.Debug|x86.Build.0 = Debug|Any CPU
		{0ECC891B-8B6D-4D4F-8849-88A0B9DAB564}.Release|Any CPU.ActiveCfg = Release|Any CPU
		{0ECC891B-8B6D-4D4F-8849-88A0B9DAB564}.Release|Any CPU.Build.0 = Release|Any CPU
		{0ECC891B-8B6D-4D4F-8849-88A0B9DAB564}.Release|x64.ActiveCfg = Release|Any CPU
		{0ECC891B-8B6D-4D4F-8849-88A0B9DAB564}.Release|x64.Build.0 = Release|Any CPU
		{0ECC891B-8B6D-4D4F-8849-88A0B9DAB564}.Release|x86.ActiveCfg = Release|Any CPU
		{0ECC891B-8B6D-4D4F-8849-88A0B9DAB564}.Release|x86.Build.0 = Release|Any CPU
		{25688A67-8ADF-44E6-B4EC-2E127E4526EE}.Debug|Any CPU.ActiveCfg = Debug|Any CPU
		{25688A67-8ADF-44E6-B4EC-2E127E4526EE}.Debug|Any CPU.Build.0 = Debug|Any CPU
		{25688A67-8ADF-44E6-B4EC-2E127E4526EE}.Debug|x64.ActiveCfg = Debug|Any CPU
		{25688A67-8ADF-44E6-B4EC-2E127E4526EE}.Debug|x64.Build.0 = Debug|Any CPU
		{25688A67-8ADF-44E6-B4EC-2E127E4526EE}.Debug|x86.ActiveCfg = Debug|Any CPU
		{25688A67-8ADF-44E6-B4EC-2E127E4526EE}.Debug|x86.Build.0 = Debug|Any CPU
		{25688A67-8ADF-44E6-B4EC-2E127E4526EE}.Release|Any CPU.ActiveCfg = Release|Any CPU
		{25688A67-8ADF-44E6-B4EC-2E127E4526EE}.Release|Any CPU.Build.0 = Release|Any CPU
		{25688A67-8ADF-44E6-B4EC-2E127E4526EE}.Release|x64.ActiveCfg = Release|Any CPU
		{25688A67-8ADF-44E6-B4EC-2E127E4526EE}.Release|x64.Build.0 = Release|Any CPU
		{25688A67-8ADF-44E6-B4EC-2E127E4526EE}.Release|x86.ActiveCfg = Release|Any CPU
		{25688A67-8ADF-44E6-B4EC-2E127E4526EE}.Release|x86.Build.0 = Release|Any CPU
	EndGlobalSection
EndGlobal
